
Microsoft Visual Studio Solution File, Format Version 12.00
# Visual Studio Version 16
VisualStudioVersion = 16.0.29728.190
MinimumVisualStudioVersion = 10.0.40219.1
Project("{2150E333-8FDC-42A3-9474-1A3956D46DE8}") = "Patterns", "Patterns", "{F20D97AE-23DB-4D1E-8B09-5F866A0289E8}"
EndProject
Project("{8BC9CEB8-8B4A-11D0-8D11-00A0C91BC942}") = "Observer", "Source\Patterns\Observer\Observer.vcxproj", "{AD1D5491-8B13-4E7D-A81E-7DBB12D52CF8}"
EndProject
Project("{2150E333-8FDC-42A3-9474-1A3956D46DE8}") = "Templates", "Templates", "{CC7E3B46-ACAE-4F84-964D-046EDC8CD0BF}"
EndProject
Project("{8BC9CEB8-8B4A-11D0-8D11-00A0C91BC942}") = "Singleton", "Source\Templates\Singleton\Singleton.vcxproj", "{C385E029-27CD-4618-8C2A-0CEC359324C6}"
EndProject
Global
	GlobalSection(SolutionConfigurationPlatforms) = preSolution
		Debug|x64 = Debug|x64
		Debug|x86 = Debug|x86
		Release|x64 = Release|x64
		Release|x86 = Release|x86
	EndGlobalSection
	GlobalSection(ProjectConfigurationPlatforms) = postSolution
		{AD1D5491-8B13-4E7D-A81E-7DBB12D52CF8}.Debug|x64.ActiveCfg = Debug|x64
		{AD1D5491-8B13-4E7D-A81E-7DBB12D52CF8}.Debug|x64.Build.0 = Debug|x64
		{AD1D5491-8B13-4E7D-A81E-7DBB12D52CF8}.Debug|x86.ActiveCfg = Debug|Win32
		{AD1D5491-8B13-4E7D-A81E-7DBB12D52CF8}.Debug|x86.Build.0 = Debug|Win32
		{AD1D5491-8B13-4E7D-A81E-7DBB12D52CF8}.Release|x64.ActiveCfg = Release|x64
		{AD1D5491-8B13-4E7D-A81E-7DBB12D52CF8}.Release|x64.Build.0 = Release|x64
		{AD1D5491-8B13-4E7D-A81E-7DBB12D52CF8}.Release|x86.ActiveCfg = Release|Win32
		{AD1D5491-8B13-4E7D-A81E-7DBB12D52CF8}.Release|x86.Build.0 = Release|Win32
		{C385E029-27CD-4618-8C2A-0CEC359324C6}.Debug|x64.ActiveCfg = Debug|x64
		{C385E029-27CD-4618-8C2A-0CEC359324C6}.Debug|x64.Build.0 = Debug|x64
		{C385E029-27CD-4618-8C2A-0CEC359324C6}.Debug|x86.ActiveCfg = Debug|Win32
		{C385E029-27CD-4618-8C2A-0CEC359324C6}.Debug|x86.Build.0 = Debug|Win32
		{C385E029-27CD-4618-8C2A-0CEC359324C6}.Release|x64.ActiveCfg = Release|x64
		{C385E029-27CD-4618-8C2A-0CEC359324C6}.Release|x64.Build.0 = Release|x64
		{C385E029-27CD-4618-8C2A-0CEC359324C6}.Release|x86.ActiveCfg = Release|Win32
		{C385E029-27CD-4618-8C2A-0CEC359324C6}.Release|x86.Build.0 = Release|Win32
	EndGlobalSection
	GlobalSection(SolutionProperties) = preSolution
		HideSolutionNode = FALSE
	EndGlobalSection
	GlobalSection(NestedProjects) = preSolution
		{AD1D5491-8B13-4E7D-A81E-7DBB12D52CF8} = {F20D97AE-23DB-4D1E-8B09-5F866A0289E8}
		{C385E029-27CD-4618-8C2A-0CEC359324C6} = {CC7E3B46-ACAE-4F84-964D-046EDC8CD0BF}
	EndGlobalSection
	GlobalSection(ExtensibilityGlobals) = postSolution
		SolutionGuid = {2CE24747-8563-4121-824E-5BBAB3887A44}
	EndGlobalSection
EndGlobal
